{
  "nodes": {
    "adw-gtk3-colors": {
      "flake": false,
      "locked": {
        "lastModified": 1684915555,
        "narHash": "sha256-yksWZCu/xXp4o8B9uod5e+OZ6Kyl1IMDrcrDWVLHv74=",
        "owner": "lassekongo83",
        "repo": "adw-colors",
        "rev": "b290fedc46e3dc0719b9e2455ad765afe0c6a4d7",
        "type": "github"
      },
      "original": {
        "owner": "lassekongo83",
        "repo": "adw-colors",
        "rev": "b290fedc46e3dc0719b9e2455ad765afe0c6a4d7",
        "type": "github"
      }
    },
    "ags": {
      "inputs": {
        "nixpkgs": [
          "nixpkgs"
        ]
      },
      "locked": {
        "lastModified": 1696880488,
        "narHash": "sha256-EtpDLTO9EVfZTb6Bbzc3q04MB+QnCVMvQgLL4cdbFBo=",
        "owner": "Aylur",
        "repo": "ags",
        "rev": "1230c2fcbb47c977145de1fa4f47767df28f6952",
        "type": "github"
      },
      "original": {
        "owner": "Aylur",
        "repo": "ags",
        "type": "github"
      }
    },
    "android-nixpkgs": {
      "inputs": {
        "devshell": "devshell",
        "flake-utils": "flake-utils_2",
        "nixpkgs": [
          "nixpkgs"
        ]
      },
      "locked": {
        "lastModified": 1646770874,
        "narHash": "sha256-V8Uz2uX4VTLQ4+4odsCTqqYkmXNSbEEMAFLLAebXWO8=",
        "owner": "tadfisher",
        "repo": "android-nixpkgs",
        "rev": "e2aec559a903ee1d94fd9935b4d558803adaf5a4",
        "type": "github"
      },
      "original": {
        "owner": "tadfisher",
        "repo": "android-nixpkgs",
        "rev": "e2aec559a903ee1d94fd9935b4d558803adaf5a4",
        "type": "github"
      }
    },
    "ani-cli": {
      "flake": false,
      "locked": {
        "lastModified": 1692801744,
        "narHash": "sha256-XpEzxVnBaDgZYdjXYtmIF29XdayMM+oJjGs/ax/Dg7k=",
        "owner": "pystardust",
        "repo": "ani-cli",
        "rev": "6be7f07f33f7fb746103f3eeeafd14744555cff7",
        "type": "github"
      },
      "original": {
        "owner": "pystardust",
        "repo": "ani-cli",
        "rev": "6be7f07f33f7fb746103f3eeeafd14744555cff7",
        "type": "github"
      }
    },
    "cachix": {
      "locked": {
        "lastModified": 1642244250,
        "narHash": "sha256-vWpUEqQdVP4srj+/YLJRTN9vjpTs4je0cdWKXPbDItc=",
        "owner": "nixos",
        "repo": "nixpkgs",
        "rev": "0fd9ee1aa36ce865ad273f4f07fdc093adeb5c00",
        "type": "github"
      },
      "original": {
        "owner": "nixos",
        "ref": "nixos-21.05",
        "repo": "nixpkgs",
        "type": "github"
      }
    },
    "catppuccin-alacritty": {
      "flake": false,
      "locked": {
        "lastModified": 1664239314,
        "narHash": "sha256-w9XVtEe7TqzxxGUCDUR9BFkzLZjG8XrplXJ3lX6f+x0=",
        "owner": "catppuccin",
        "repo": "alacritty",
        "rev": "3c808cbb4f9c87be43ba5241bc57373c793d2f17",
        "type": "github"
      },
      "original": {
        "owner": "catppuccin",
        "repo": "alacritty",
        "rev": "3c808cbb4f9c87be43ba5241bc57373c793d2f17",
        "type": "github"
      }
    },
    "catppuccin-amfora": {
      "flake": false,
      "locked": {
        "lastModified": 1665985240,
        "narHash": "sha256-5NuGyRazPhF4AiruT8FqP+F4CL8uDfO+ngKuDBilMB8=",
        "owner": "catppuccin",
        "repo": "amfora",
        "rev": "26f6496fd2be0fe7308dfc57b9ab1e8ca5c38602",
        "type": "github"
      },
      "original": {
        "owner": "catppuccin",
        "repo": "amfora",
        "rev": "26f6496fd2be0fe7308dfc57b9ab1e8ca5c38602",
        "type": "github"
      }
    },
    "catppuccin-bat": {
      "flake": false,
      "locked": {
        "lastModified": 1668065083,
        "narHash": "sha256-6WVKQErGdaqb++oaXnY3i6/GuH2FhTgK0v4TN4Y0Wbw=",
        "owner": "catppuccin",
        "repo": "bat",
        "rev": "ba4d16880d63e656acced2b7d4e034e4a93f74b1",
        "type": "github"
      },
      "original": {
        "owner": "catppuccin",
        "repo": "bat",
        "rev": "ba4d16880d63e656acced2b7d4e034e4a93f74b1",
        "type": "github"
      }
    },
    "catppuccin-bottom": {
      "flake": false,
      "locked": {
        "lastModified": 1672359880,
        "narHash": "sha256-VaHX2I/Gn82wJWzybpWNqU3dPi3206xItOlt0iF6VVQ=",
        "owner": "catppuccin",
        "repo": "bottom",
        "rev": "c0efe9025f62f618a407999d89b04a231ba99c92",
        "type": "github"
      },
      "original": {
        "owner": "catppuccin",
        "repo": "bottom",
        "rev": "c0efe9025f62f618a407999d89b04a231ba99c92",
        "type": "github"
      }
    },
    "catppuccin-kitty": {
      "flake": false,
      "locked": {
        "lastModified": 1686340014,
        "narHash": "sha256-uZSx+fuzcW//5/FtW98q7G4xRRjJjD5aQMbvJ4cs94U=",
        "owner": "catppuccin",
        "repo": "kitty",
        "rev": "4820b3ef3f4968cf3084b2239ce7d1e99ea04dda",
        "type": "github"
      },
      "original": {
        "owner": "catppuccin",
        "repo": "kitty",
        "rev": "4820b3ef3f4968cf3084b2239ce7d1e99ea04dda",
        "type": "github"
      }
    },
    "catppuccin-lazygit": {
      "flake": false,
      "locked": {
        "lastModified": 1683041570,
        "narHash": "sha256-9BBmWRcjNaJE9T0RKVEJaSnkrbMom0CLYE8PzAT6yFw=",
        "owner": "catppuccin",
        "repo": "lazygit",
        "rev": "b2ecb6d41b6f54a82104879573c538e8bdaeb0bf",
        "type": "github"
      },
      "original": {
        "owner": "catppuccin",
        "repo": "lazygit",
        "rev": "b2ecb6d41b6f54a82104879573c538e8bdaeb0bf",
        "type": "github"
      }
    },
    "catppuccin-neomutt": {
      "flake": false,
      "locked": {
        "lastModified": 1664239314,
        "narHash": "sha256-ye16nP2DL4VytDKB+JdMkBXU+Y9Z4dHmY+DsPcR2EG0=",
        "owner": "catppuccin",
        "repo": "neomutt",
        "rev": "f6ce83da47cc36d5639b0d54e7f5f63cdaf69f11",
        "type": "github"
      },
      "original": {
        "owner": "catppuccin",
        "repo": "neomutt",
        "rev": "f6ce83da47cc36d5639b0d54e7f5f63cdaf69f11",
        "type": "github"
      }
    },
    "catppuccin-newsboat": {
      "flake": false,
      "locked": {
        "lastModified": 1666070943,
        "narHash": "sha256-czvR3bVZ0NfBmuu0JixalS7B1vf1uEGSTSUVVTclKxI=",
        "owner": "catppuccin",
        "repo": "newsboat",
        "rev": "be3d0ee1ba0fc26baf7a47c2aa7032b7541deb0f",
        "type": "github"
      },
      "original": {
        "owner": "catppuccin",
        "repo": "newsboat",
        "rev": "be3d0ee1ba0fc26baf7a47c2aa7032b7541deb0f",
        "type": "github"
      }
    },
    "catppuccin-qutebrowser": {
      "flake": false,
      "locked": {
        "lastModified": 1679850032,
        "narHash": "sha256-lp7HWYuD4aUyX1nRipldEojZVIvQmsxjYATdyHWph0g=",
        "owner": "catppuccin",
        "repo": "qutebrowser",
        "rev": "78bb72b4c60b421c8ea64dd7c960add6add92f83",
        "type": "github"
      },
      "original": {
        "owner": "catppuccin",
        "repo": "qutebrowser",
        "rev": "78bb72b4c60b421c8ea64dd7c960add6add92f83",
        "type": "github"
      }
    },
    "catppuccin-starship": {
      "flake": false,
      "locked": {
        "lastModified": 1689246850,
        "narHash": "sha256-nsRuxQFKbQkyEI4TXgvAjcroVdG+heKX5Pauq/4Ota0=",
        "owner": "catppuccin",
        "repo": "starship",
        "rev": "5629d2356f62a9f2f8efad3ff37476c19969bd4f",
        "type": "github"
      },
      "original": {
        "owner": "catppuccin",
        "repo": "starship",
        "rev": "5629d2356f62a9f2f8efad3ff37476c19969bd4f",
        "type": "github"
      }
    },
    "catppuccin-zathura": {
      "flake": false,
      "locked": {
        "lastModified": 1664239314,
        "narHash": "sha256-5Vh2bVabuBluVCJm9vfdnjnk32CtsK7wGIWM5+XnacM=",
        "owner": "catppuccin",
        "repo": "zathura",
        "rev": "d85d8750acd0b0247aa10e0653998180391110a4",
        "type": "github"
      },
      "original": {
        "owner": "catppuccin",
        "repo": "zathura",
        "rev": "d85d8750acd0b0247aa10e0653998180391110a4",
        "type": "github"
      }
    },
    "catppuccin-zsh-syntax-highlighting": {
      "flake": false,
      "locked": {
        "lastModified": 1665638423,
        "narHash": "sha256-Q7KmwUd9fblprL55W0Sf4g7lRcemnhjh4/v+TacJSfo=",
        "owner": "catppuccin",
        "repo": "zsh-syntax-highlighting",
        "rev": "06d519c20798f0ebe275fc3a8101841faaeee8ea",
        "type": "github"
      },
      "original": {
        "owner": "catppuccin",
        "repo": "zsh-syntax-highlighting",
        "rev": "06d519c20798f0ebe275fc3a8101841faaeee8ea",
        "type": "github"
      }
    },
    "darwin": {
      "inputs": {
        "nixpkgs": [
          "nixpkgs-darwin"
        ]
      },
      "locked": {
        "lastModified": 1647173930,
        "narHash": "sha256-8oca3Pc68VrCp8HeOtHmzs5g0rdQnPO9beDEEZJ02W0=",
        "owner": "lnl7",
        "repo": "nix-darwin",
        "rev": "17fbc68a6110edbff67e55f7450230a697ecb17e",
        "type": "github"
      },
      "original": {
        "owner": "lnl7",
        "repo": "nix-darwin",
        "rev": "17fbc68a6110edbff67e55f7450230a697ecb17e",
        "type": "github"
      }
    },
    "devshell": {
      "inputs": {
        "flake-utils": "flake-utils",
        "nixpkgs": "nixpkgs"
      },
      "locked": {
        "lastModified": 1646667754,
        "narHash": "sha256-LahZHvCC3UVzGQ55iWDRZkuDssXl1rYgqgScrPV9S38=",
        "owner": "numtide",
        "repo": "devshell",
        "rev": "59fbe1dfc0de8c3332957c16998a7d16dff365d8",
        "type": "github"
      },
      "original": {
        "owner": "numtide",
        "repo": "devshell",
        "type": "github"
      }
    },
    "dracula-betterdiscord": {
      "flake": false,
      "locked": {
        "lastModified": 1646106958,
        "narHash": "sha256-rj0aDBEqKeefzs+m4ajKCb6W2SKbunBXRI6hAAnG2W0=",
        "owner": "dracula",
        "repo": "betterdiscord",
        "rev": "835bc3a15aba03ae10248d6a06ea8704e9cd4382",
        "type": "github"
      },
      "original": {
        "owner": "dracula",
        "repo": "betterdiscord",
        "rev": "835bc3a15aba03ae10248d6a06ea8704e9cd4382",
        "type": "github"
      }
    },
    "dracula-lsd": {
      "flake": false,
      "locked": {
        "lastModified": 1685999750,
        "narHash": "sha256-ZNyNYJEffxxU7K/7JOv+VRD3JbhW42kvmWk7pLu1vA8=",
        "owner": "dracula",
        "repo": "lsd",
        "rev": "75f3305a2bba4dacac82b143a15d278daee28232",
        "type": "github"
      },
      "original": {
        "owner": "dracula",
        "repo": "lsd",
        "rev": "75f3305a2bba4dacac82b143a15d278daee28232",
        "type": "github"
      }
    },
    "flake-compat": {
      "flake": false,
      "locked": {
        "lastModified": 1673956053,
        "narHash": "sha256-4gtG9iQuiKITOjNQQeQIpoIB6b16fm+504Ch3sNKLd8=",
        "owner": "edolstra",
        "repo": "flake-compat",
        "rev": "35bb57c0c8d8b62bbfd284272c928ceb64ddbde9",
        "type": "github"
      },
      "original": {
        "owner": "edolstra",
        "repo": "flake-compat",
        "type": "github"
      }
    },
    "flake-compat_2": {
      "flake": false,
      "locked": {
        "lastModified": 1673956053,
        "narHash": "sha256-4gtG9iQuiKITOjNQQeQIpoIB6b16fm+504Ch3sNKLd8=",
        "owner": "edolstra",
        "repo": "flake-compat",
        "rev": "35bb57c0c8d8b62bbfd284272c928ceb64ddbde9",
        "type": "github"
      },
      "original": {
        "owner": "edolstra",
        "repo": "flake-compat",
        "type": "github"
      }
    },
    "flake-utils": {
      "locked": {
        "lastModified": 1642700792,
        "narHash": "sha256-XqHrk7hFb+zBvRg6Ghl+AZDq03ov6OshJLiSWOoX5es=",
        "owner": "numtide",
        "repo": "flake-utils",
        "rev": "846b2ae0fc4cc943637d3d1def4454213e203cba",
        "type": "github"
      },
      "original": {
        "owner": "numtide",
        "repo": "flake-utils",
        "type": "github"
      }
    },
    "flake-utils_2": {
      "locked": {
        "lastModified": 1644229661,
        "narHash": "sha256-1YdnJAsNy69bpcjuoKdOYQX0YxZBiCYZo4Twxerqv7k=",
        "owner": "numtide",
        "repo": "flake-utils",
        "rev": "3cecb5b042f7f209c56ffd8371b2711a290ec797",
        "type": "github"
      },
      "original": {
        "owner": "numtide",
        "repo": "flake-utils",
        "type": "github"
      }
    },
    "flake-utils_3": {
      "inputs": {
        "systems": "systems_2"
      },
      "locked": {
        "lastModified": 1689068808,
        "narHash": "sha256-6ixXo3wt24N/melDWjq70UuHQLxGV8jZvooRanIHXw0=",
        "owner": "numtide",
        "repo": "flake-utils",
        "rev": "919d646de7be200f3bf08cb76ae1f09402b6f9b4",
        "type": "github"
      },
      "original": {
        "owner": "numtide",
        "repo": "flake-utils",
        "type": "github"
      }
    },
    "flake-utils_4": {
      "inputs": {
        "systems": "systems_3"
      },
      "locked": {
        "lastModified": 1685518550,
        "narHash": "sha256-o2d0KcvaXzTrPRIo0kOLV0/QXHhDQ5DTi+OxcjO8xqY=",
        "owner": "numtide",
        "repo": "flake-utils",
        "rev": "a1720a10a6cfe8234c0e93907ffe81be440f4cef",
        "type": "github"
      },
      "original": {
        "id": "flake-utils",
        "type": "indirect"
      }
    },
    "flake-utils_5": {
      "locked": {
        "lastModified": 1644229661,
        "narHash": "sha256-1YdnJAsNy69bpcjuoKdOYQX0YxZBiCYZo4Twxerqv7k=",
        "owner": "numtide",
        "repo": "flake-utils",
        "rev": "3cecb5b042f7f209c56ffd8371b2711a290ec797",
        "type": "github"
      },
      "original": {
        "owner": "numtide",
        "repo": "flake-utils",
        "type": "github"
      }
    },
    "fontpreview-ueberzug": {
      "flake": false,
      "locked": {
        "lastModified": 1683655058,
        "narHash": "sha256-NSfLjy+WokYfPJgj/tEAcCA4K6pifgMqJU+wMg1f25M=",
        "owner": "OliverLew",
        "repo": "fontpreview-ueberzug",
        "rev": "f10f40cba0c64a506772a0ff343cd0f57237432d",
        "type": "github"
      },
      "original": {
        "owner": "OliverLew",
        "repo": "fontpreview-ueberzug",
        "rev": "f10f40cba0c64a506772a0ff343cd0f57237432d",
        "type": "github"
      }
    },
    "home-manager": {
      "inputs": {
        "nixpkgs": [
          "nixpkgs"
        ]
      },
      "locked": {
        "lastModified": 1693208669,
        "narHash": "sha256-hHFaaUsZ860wvppPeiu7nJn/nXZjJfnqAQEu9SPFE9I=",
        "owner": "nix-community",
        "repo": "home-manager",
        "rev": "5bac4a1c06cd77cf8fc35a658ccb035a6c50cd2c",
        "type": "github"
      },
      "original": {
        "owner": "nix-community",
        "repo": "home-manager",
        "rev": "5bac4a1c06cd77cf8fc35a658ccb035a6c50cd2c",
        "type": "github"
      }
    },
    "home-manager-darwin": {
      "inputs": {
        "nixpkgs": [
          "nixpkgs-darwin"
        ]
      },
      "locked": {
        "lastModified": 1640417317,
        "narHash": "sha256-jT2uMARXs0Xm65ccroFsKyr4LTHSecw+9HAnmBdJO8U=",
        "owner": "nix-community",
        "repo": "home-manager",
        "rev": "48f2b381dd397ec88040d3354ac9c036739ba139",
        "type": "github"
      },
      "original": {
        "owner": "nix-community",
        "repo": "home-manager",
        "rev": "48f2b381dd397ec88040d3354ac9c036739ba139",
        "type": "github"
      }
    },
    "hyprland": {
      "inputs": {
        "hyprland-protocols": "hyprland-protocols",
        "nixpkgs": [
          "prevstable-hyprland"
        ],
        "systems": "systems",
        "wlroots": "wlroots",
        "xdph": "xdph"
      },
      "locked": {
        "lastModified": 1692980545,
        "narHash": "sha256-biA+vhcRS2lT3zTnV8QyT0FoxEIdQ6N+JnaWsr7F+8M=",
        "owner": "hyprwm",
        "repo": "Hyprland",
        "rev": "116b9a80566e7956233b39697ac78c112d514c3c",
        "type": "github"
      },
      "original": {
        "owner": "hyprwm",
        "repo": "Hyprland",
        "rev": "116b9a80566e7956233b39697ac78c112d514c3c",
        "type": "github"
      }
    },
    "hyprland-plugins": {
      "inputs": {
        "hyprland": "hyprland_2"
      },
      "locked": {
        "lastModified": 1684083697,
        "narHash": "sha256-lBBYhQv2pPGTDkfeCTeuVNrn/cRu1ADZFV3EkHGVvrU=",
        "owner": "hyprwm",
        "repo": "hyprland-plugins",
        "rev": "e368bd15e4bfd560baa9333ad47415340c563458",
        "type": "github"
      },
      "original": {
        "owner": "hyprwm",
        "repo": "hyprland-plugins",
        "rev": "e368bd15e4bfd560baa9333ad47415340c563458",
        "type": "github"
      }
    },
    "hyprland-protocols": {
      "inputs": {
        "nixpkgs": [
          "hyprland",
          "nixpkgs"
        ],
        "systems": [
          "hyprland",
          "systems"
        ]
      },
      "locked": {
        "lastModified": 1691753796,
        "narHash": "sha256-zOEwiWoXk3j3+EoF3ySUJmberFewWlagvewDRuWYAso=",
        "owner": "hyprwm",
        "repo": "hyprland-protocols",
        "rev": "0c2ce70625cb30aef199cb388f99e19a61a6ce03",
        "type": "github"
      },
      "original": {
        "owner": "hyprwm",
        "repo": "hyprland-protocols",
        "type": "github"
      }
    },
    "hyprland-protocols_2": {
      "inputs": {
        "nixpkgs": [
          "hyprland-plugins",
          "hyprland",
          "nixpkgs"
        ]
      },
      "locked": {
        "lastModified": 1681065697,
        "narHash": "sha256-QPzwwlGKX95tl6ZEshboZbEwwAXww6lNLdVYd6T9Mrc=",
        "owner": "hyprwm",
        "repo": "hyprland-protocols",
        "rev": "4d29e48433270a2af06b8bc711ca1fe5109746cd",
        "type": "github"
      },
      "original": {
        "owner": "hyprwm",
        "repo": "hyprland-protocols",
        "type": "github"
      }
    },
    "hyprland-protocols_3": {
      "inputs": {
        "nixpkgs": [
          "xdg-portal-hyprland",
          "nixpkgs"
        ],
        "systems": [
          "xdg-portal-hyprland",
          "systems"
        ]
      },
      "locked": {
        "lastModified": 1691753796,
        "narHash": "sha256-zOEwiWoXk3j3+EoF3ySUJmberFewWlagvewDRuWYAso=",
        "owner": "hyprwm",
        "repo": "hyprland-protocols",
        "rev": "0c2ce70625cb30aef199cb388f99e19a61a6ce03",
        "type": "github"
      },
      "original": {
        "owner": "hyprwm",
        "repo": "hyprland-protocols",
        "type": "github"
      }
    },
    "hyprland_2": {
      "inputs": {
        "hyprland-protocols": "hyprland-protocols_2",
        "nixpkgs": "nixpkgs_2",
        "wlroots": "wlroots_2",
        "xdph": "xdph_2"
      },
      "locked": {
        "lastModified": 1682080615,
        "narHash": "sha256-g3YTp28uN+YDMHhrrx1bef68/2qIfpWW4zf0XSi9+tg=",
        "owner": "hyprwm",
        "repo": "Hyprland",
        "rev": "2df0d034bc4a18fafb3524401eeeceaa6b23e753",
        "type": "github"
      },
      "original": {
        "owner": "hyprwm",
        "repo": "Hyprland",
        "type": "github"
      }
    },
    "hyprpicker": {
      "inputs": {
        "nixpkgs": [
          "nixpkgs"
        ]
      },
      "locked": {
        "lastModified": 1673270158,
        "narHash": "sha256-22VKnL4PT3CSy0IErOkL1U85jq8sXmI7VPhcPtRYSko=",
        "owner": "hyprwm",
        "repo": "hyprpicker",
        "rev": "fe4535a27389624445b96450a7c338136c619c95",
        "type": "github"
      },
      "original": {
        "owner": "hyprwm",
        "repo": "hyprpicker",
        "rev": "fe4535a27389624445b96450a7c338136c619c95",
        "type": "github"
      }
    },
    "kitty-scrollback-nvim": {
      "flake": false,
      "locked": {
        "lastModified": 1696211617,
        "narHash": "sha256-PSKcddy3Cwqbcrpc2K3q2gjlE1Iiyn1ov+xLCTQeZbc=",
        "owner": "mikesmithgh",
        "repo": "kitty-scrollback.nvim",
        "rev": "97fbb4a4217eb92f6e364bddfa1bc0a5d2a8732a",
        "type": "github"
      },
      "original": {
        "owner": "mikesmithgh",
        "repo": "kitty-scrollback.nvim",
        "type": "github"
      }
    },
    "kitty-smart-scroll": {
      "flake": false,
      "locked": {
        "lastModified": 1641475108,
        "narHash": "sha256-QqNYi5s7VqOj0LBCaZKVHe65j75NBs3WYPdeGbYYXVo=",
        "owner": "yurikhan",
        "repo": "kitty-smart-scroll",
        "rev": "8aaa91b9f52527c3dbe395a79a90aea4a879857a",
        "type": "github"
      },
      "original": {
        "owner": "yurikhan",
        "repo": "kitty-smart-scroll",
        "type": "github"
      }
    },
    "kitty-smart-tab": {
      "flake": false,
      "locked": {
        "lastModified": 1641475036,
        "narHash": "sha256-MbozCVGeEiYBsc9EIJpV5/W7Mx33TPI0CB1F2DhbIHU=",
        "owner": "yurikhan",
        "repo": "kitty-smart-tab",
        "rev": "ec2af6fb763ce8336da77f28ae7277161b9286b4",
        "type": "github"
      },
      "original": {
        "owner": "yurikhan",
        "repo": "kitty-smart-tab",
        "type": "github"
      }
    },
    "mpv-osc-morden-x": {
      "flake": false,
      "locked": {
        "lastModified": 1644681087,
        "narHash": "sha256-LHI+wt4ACGq34LXAFawDTSXf1FTouk9i/aYiOp39EEo=",
        "owner": "cyl0",
        "repo": "mpv-osc-morden-x",
        "rev": "e0adf03d40403b87d106161c1f805a65bcb34738",
        "type": "github"
      },
      "original": {
        "owner": "cyl0",
        "repo": "mpv-osc-morden-x",
        "rev": "e0adf03d40403b87d106161c1f805a65bcb34738",
        "type": "github"
      }
    },
    "ncmpcpp-ueberzug": {
      "flake": false,
      "locked": {
        "lastModified": 1596382682,
        "narHash": "sha256-eqo+Zwb8qab2tNz7osaae3oxG0QDqU8XwdYoOYS3x5c=",
        "owner": "munguua",
        "repo": "ncmpcpp-ueberzug",
        "rev": "9bd9121d9ba0ac49106b34f792c3445a07643a19",
        "type": "github"
      },
      "original": {
        "owner": "munguua",
        "repo": "ncmpcpp-ueberzug",
        "rev": "9bd9121d9ba0ac49106b34f792c3445a07643a19",
        "type": "github"
      }
    },
    "nix-alien": {
      "inputs": {
        "flake-compat": "flake-compat",
        "flake-utils": "flake-utils_3",
        "nix-index-database": "nix-index-database",
        "nixpkgs": [
          "nixpkgs"
        ]
      },
      "locked": {
        "lastModified": 1696872577,
        "narHash": "sha256-BRwuGENO2FujreefIE2mj4xqIvG2LuSGFjiSxURB1xU=",
        "owner": "thiagokokada",
        "repo": "nix-alien",
        "rev": "7711f22787394235a7f787158b9d21823eff0144",
        "type": "github"
      },
      "original": {
        "owner": "thiagokokada",
        "repo": "nix-alien",
        "type": "github"
      }
    },
    "nix-index-database": {
      "inputs": {
        "nixpkgs": [
          "nix-alien",
          "nixpkgs"
        ]
      },
      "locked": {
        "lastModified": 1691897365,
        "narHash": "sha256-jvWIU4ht3YAmF8TDVM2Ps2+Gf4MtNGLL1zEWQZdTrzU=",
        "owner": "Mic92",
        "repo": "nix-index-database",
        "rev": "f4d70d098f066a30c7087144063dca179495f7d6",
        "type": "github"
      },
      "original": {
        "owner": "Mic92",
        "repo": "nix-index-database",
        "type": "github"
      }
    },
    "nix-ld": {
      "inputs": {
        "nixpkgs": [
          "nixpkgs"
        ]
      },
      "locked": {
        "lastModified": 1686849676,
        "narHash": "sha256-+z9t7BLugZO1WhyYEq6FI38TMh2EwfgfAv3RDFSjwtc=",
        "owner": "Mic92",
        "repo": "nix-ld",
        "rev": "3abd605e56b5b34ec630bb10ba85f98c93cc05b2",
        "type": "github"
      },
      "original": {
        "owner": "Mic92",
        "repo": "nix-ld",
        "type": "github"
      }
    },
    "nixos-hardware": {
      "locked": {
        "lastModified": 1692373088,
        "narHash": "sha256-EPgCecdc9I8aTdmDNoO1l7R72r2WPhZRcesV4nzxBj8=",
        "owner": "NixOS",
        "repo": "nixos-hardware",
        "rev": "7f1836531b126cfcf584e7d7d71bf8758bb58969",
        "type": "github"
      },
      "original": {
        "owner": "NixOS",
        "repo": "nixos-hardware",
        "rev": "7f1836531b126cfcf584e7d7d71bf8758bb58969",
        "type": "github"
      }
    },
    "nixpkgs": {
      "locked": {
        "lastModified": 1643381941,
        "narHash": "sha256-pHTwvnN4tTsEKkWlXQ8JMY423epos8wUOhthpwJjtpc=",
        "owner": "NixOS",
        "repo": "nixpkgs",
        "rev": "5efc8ca954272c4376ac929f4c5ffefcc20551d5",
        "type": "github"
      },
      "original": {
        "owner": "NixOS",
        "ref": "nixpkgs-unstable",
        "repo": "nixpkgs",
        "type": "github"
      }
    },
    "nixpkgs-darwin": {
      "locked": {
        "lastModified": 1640568342,
        "narHash": "sha256-0zPl9HDcvIYAd5iT7b4OIjNKGPEPLPR7DZ0QJw/o6rA=",
        "owner": "nixos",
        "repo": "nixpkgs",
        "rev": "3960078a2007e3662fc9c93637ee043ccdc7285e",
        "type": "github"
      },
      "original": {
        "owner": "nixos",
        "repo": "nixpkgs",
        "rev": "3960078a2007e3662fc9c93637ee043ccdc7285e",
        "type": "github"
      }
    },
    "nixpkgs-python": {
      "inputs": {
        "flake-compat": "flake-compat_2",
        "flake-utils": "flake-utils_4",
        "nixpkgs": "nixpkgs_4"
      },
      "locked": {
        "lastModified": 1692934204,
        "narHash": "sha256-dJG+DyQlWgeBEcCl9j3R5A4vcBnC2GLRacNeJgcZPo8=",
        "owner": "cachix",
        "repo": "nixpkgs-python",
        "rev": "dfe9a33d0d9bd31650b69c36f8fff5f2d5342393",
        "type": "github"
      },
      "original": {
        "owner": "cachix",
        "repo": "nixpkgs-python",
        "rev": "dfe9a33d0d9bd31650b69c36f8fff5f2d5342393",
        "type": "github"
      }
    },
    "nixpkgs-wayland": {
      "inputs": {
        "cachix": "cachix",
        "nixpkgs": [
          "nixpkgs"
        ]
      },
      "locked": {
        "lastModified": 1643468877,
        "narHash": "sha256-qjPCoen3+3ysP1R0AreGEdPTOS2Z4F9Wk05b/lVSK5Y=",
        "owner": "nix-community",
        "repo": "nixpkgs-wayland",
        "rev": "1be0382761e59978d46c4a2a6fed0193f474751f",
        "type": "github"
      },
      "original": {
        "owner": "nix-community",
        "repo": "nixpkgs-wayland",
        "rev": "1be0382761e59978d46c4a2a6fed0193f474751f",
        "type": "github"
      }
    },
    "nixpkgs_2": {
      "locked": {
        "lastModified": 1682453498,
        "narHash": "sha256-WoWiAd7KZt5Eh6n+qojcivaVpnXKqBsVgpixpV2L9CE=",
        "owner": "NixOS",
        "repo": "nixpkgs",
        "rev": "c8018361fa1d1650ee8d4b96294783cf564e8a7f",
        "type": "github"
      },
      "original": {
        "owner": "NixOS",
        "ref": "nixos-unstable",
        "repo": "nixpkgs",
        "type": "github"
      }
    },
    "nixpkgs_3": {
      "locked": {
        "lastModified": 1693815579,
        "narHash": "sha256-fPnIQlr0DoH9Z1C3v7IL3OpzMsvODC3k3oGu69r38+Y=",
        "owner": "nixos",
        "repo": "nixpkgs",
        "rev": "1e409aeb5a9798a36e1cca227b7f8b8f3176e04d",
        "type": "github"
      },
      "original": {
        "owner": "nixos",
        "repo": "nixpkgs",
        "rev": "1e409aeb5a9798a36e1cca227b7f8b8f3176e04d",
        "type": "github"
      }
    },
    "nixpkgs_4": {
      "locked": {
        "lastModified": 1685974512,
        "narHash": "sha256-WLPHpe96RbPRO9iDtCxgsYkadTheRq7wqXWdGpR6g7w=",
        "owner": "domenkozar",
        "repo": "nixpkgs",
        "rev": "1102477695918daba466123cc2ef694ed3a49939",
        "type": "github"
      },
      "original": {
        "owner": "domenkozar",
        "ref": "cpython-moduralize",
        "repo": "nixpkgs",
        "type": "github"
      }
    },
    "nixpkgs_5": {
      "locked": {
        "lastModified": 1694183432,
        "narHash": "sha256-YyPGNapgZNNj51ylQMw9lAgvxtM2ai1HZVUu3GS8Fng=",
        "owner": "NixOS",
        "repo": "nixpkgs",
        "rev": "db9208ab987cdeeedf78ad9b4cf3c55f5ebd269b",
        "type": "github"
      },
      "original": {
        "owner": "NixOS",
        "ref": "nixos-unstable",
        "repo": "nixpkgs",
        "type": "github"
      }
    },
    "nnn": {
      "flake": false,
      "locked": {
        "lastModified": 1641725197,
        "narHash": "sha256-+W8fSzE1QzFkJjIlI+N5V7BJSl+LMvQZ55NEdsdVyTM=",
        "owner": "jarun",
        "repo": "nnn",
        "rev": "b8b0bab4266a635519f605c2e3e193e392674273",
        "type": "github"
      },
      "original": {
        "owner": "jarun",
        "repo": "nnn",
        "rev": "b8b0bab4266a635519f605c2e3e193e392674273",
        "type": "github"
      }
    },
    "nonicons": {
      "flake": false,
      "locked": {
        "lastModified": 1635136650,
        "narHash": "sha256-IUJKPOdflQTlXMfsbwGLEbGeausqijH4bewc7kg1zCA=",
        "owner": "yamatsum",
        "repo": "nonicons",
        "rev": "6e4984bcb18e122a5f7588a482cb07f459b55a86",
        "type": "github"
      },
      "original": {
        "owner": "yamatsum",
        "repo": "nonicons",
        "rev": "6e4984bcb18e122a5f7588a482cb07f459b55a86",
        "type": "github"
      }
    },
    "nur": {
      "locked": {
        "lastModified": 1658332967,
        "narHash": "sha256-b78x7RV+0Ec7fEgwPf06PUT18Pn/s9vo+YeYdSqcjAs=",
        "owner": "nix-community",
        "repo": "NUR",
        "rev": "0ba95a2c93c4965bc244c1221649d25198c7e687",
        "type": "github"
      },
      "original": {
        "owner": "nix-community",
        "repo": "NUR",
        "rev": "0ba95a2c93c4965bc244c1221649d25198c7e687",
        "type": "github"
      }
    },
    "ohmyzsh": {
      "flake": false,
      "locked": {
        "lastModified": 1641668612,
        "narHash": "sha256-JCH5IWYKetJkAUsd0OEw4jhfo0CoRHqWexjLh03Nvsc=",
        "owner": "ohmyzsh",
        "repo": "ohmyzsh",
        "rev": "c6e7f8905fb61b927f12f43fb57f8c514cd48a67",
        "type": "github"
      },
      "original": {
        "owner": "ohmyzsh",
        "repo": "ohmyzsh",
        "rev": "c6e7f8905fb61b927f12f43fb57f8c514cd48a67",
        "type": "github"
      }
    },
    "prevstable-chrome": {
      "locked": {
        "lastModified": 1689473667,
        "narHash": "sha256-41ePf1ylHMTogSPAiufqvBbBos+gtB6zjQlYFSEKFMM=",
        "owner": "nixos",
        "repo": "nixpkgs",
        "rev": "13231eccfa1da771afa5c0807fdd73e05a1ec4e6",
        "type": "github"
      },
      "original": {
        "owner": "nixos",
        "repo": "nixpkgs",
        "rev": "13231eccfa1da771afa5c0807fdd73e05a1ec4e6",
        "type": "github"
      }
    },
    "prevstable-hyprland": {
      "locked": {
        "lastModified": 1692987286,
        "narHash": "sha256-k3A+Zps1bEYiq4vNxr4xzdgE7T0qxRuaaCnw6JOh0aw=",
        "owner": "nixos",
        "repo": "nixpkgs",
        "rev": "94d494b2f667a9c910582e1ba9648babd63550bf",
        "type": "github"
      },
      "original": {
        "owner": "nixos",
        "repo": "nixpkgs",
        "rev": "94d494b2f667a9c910582e1ba9648babd63550bf",
        "type": "github"
      }
    },
    "prevstable-kernel-pkgs": {
      "locked": {
        "lastModified": 1688392541,
        "narHash": "sha256-lHrKvEkCPTUO+7tPfjIcb7Trk6k31rz18vkyqmkeJfY=",
        "owner": "nixos",
        "repo": "nixpkgs",
        "rev": "ea4c80b39be4c09702b0cb3b42eab59e2ba4f24b",
        "type": "github"
      },
      "original": {
        "owner": "nixos",
        "repo": "nixpkgs",
        "rev": "ea4c80b39be4c09702b0cb3b42eab59e2ba4f24b",
        "type": "github"
      }
    },
    "prevstable-mongodb": {
      "locked": {
        "lastModified": 1644026202,
        "narHash": "sha256-EN9MoDXNcDu+kd1cxZg5PplEtZUllSYCHY5pBmxeoP4=",
        "owner": "nixos",
        "repo": "nixpkgs",
        "rev": "88dcc4ff3ba0a78b829ffd2c6d7c4499bf675419",
        "type": "github"
      },
      "original": {
        "owner": "nixos",
        "repo": "nixpkgs",
        "rev": "88dcc4ff3ba0a78b829ffd2c6d7c4499bf675419",
        "type": "github"
      }
    },
    "prevstable-neovim": {
      "locked": {
        "lastModified": 1692987286,
        "narHash": "sha256-k3A+Zps1bEYiq4vNxr4xzdgE7T0qxRuaaCnw6JOh0aw=",
        "owner": "nixos",
        "repo": "nixpkgs",
        "rev": "94d494b2f667a9c910582e1ba9648babd63550bf",
        "type": "github"
      },
      "original": {
        "owner": "nixos",
        "repo": "nixpkgs",
        "rev": "94d494b2f667a9c910582e1ba9648babd63550bf",
        "type": "github"
      }
    },
    "prevstable-nodejs": {
      "locked": {
        "lastModified": 1689605451,
        "narHash": "sha256-u2qp2k9V1smCfk6rdUcgMKvBj3G9jVvaPHyeXinjN9E=",
        "owner": "nixos",
        "repo": "nixpkgs",
        "rev": "53657afe29748b3e462f1f892287b7e254c26d77",
        "type": "github"
      },
      "original": {
        "owner": "nixos",
        "repo": "nixpkgs",
        "rev": "53657afe29748b3e462f1f892287b7e254c26d77",
        "type": "github"
      }
    },
    "prevstable-python": {
      "locked": {
        "lastModified": 1692698134,
        "narHash": "sha256-YtMmZWR/dlTypOcwiZfZTMPr3tj9fwr05QTStfSyDSg=",
        "owner": "nixos",
        "repo": "nixpkgs",
        "rev": "a16f7eb56e88c8985fcc6eb81dabd6cade4e425a",
        "type": "github"
      },
      "original": {
        "owner": "nixos",
        "repo": "nixpkgs",
        "rev": "a16f7eb56e88c8985fcc6eb81dabd6cade4e425a",
        "type": "github"
      }
    },
    "ptsh": {
      "flake": false,
      "locked": {
        "lastModified": 1621025492,
        "narHash": "sha256-ATJSg7J/5E49TokUUDAANGgl0FhRaLHo1m2WQraV6tc=",
        "owner": "jszczerbinsky",
        "repo": "ptSh",
        "rev": "737685cf64dcd00572d3997a6f2b514219156288",
        "type": "github"
      },
      "original": {
        "owner": "jszczerbinsky",
        "repo": "ptSh",
        "rev": "737685cf64dcd00572d3997a6f2b514219156288",
        "type": "github"
      }
    },
    "ranger": {
      "flake": false,
      "locked": {
        "lastModified": 1639429745,
        "narHash": "sha256-fyhzypHTXLthplOrO9ykn6zqBCxSory4FSGky07Rhw4=",
        "owner": "ranger",
        "repo": "ranger",
        "rev": "7cbdd92a66e5f0d08672b4b9fc36492a7dc1eed6",
        "type": "github"
      },
      "original": {
        "owner": "ranger",
        "repo": "ranger",
        "rev": "7cbdd92a66e5f0d08672b4b9fc36492a7dc1eed6",
        "type": "github"
      }
    },
    "root": {
      "inputs": {
        "adw-gtk3-colors": "adw-gtk3-colors",
        "ags": "ags",
        "android-nixpkgs": "android-nixpkgs",
        "ani-cli": "ani-cli",
        "catppuccin-alacritty": "catppuccin-alacritty",
        "catppuccin-amfora": "catppuccin-amfora",
        "catppuccin-bat": "catppuccin-bat",
        "catppuccin-bottom": "catppuccin-bottom",
        "catppuccin-kitty": "catppuccin-kitty",
        "catppuccin-lazygit": "catppuccin-lazygit",
        "catppuccin-neomutt": "catppuccin-neomutt",
        "catppuccin-newsboat": "catppuccin-newsboat",
        "catppuccin-qutebrowser": "catppuccin-qutebrowser",
        "catppuccin-starship": "catppuccin-starship",
        "catppuccin-zathura": "catppuccin-zathura",
        "catppuccin-zsh-syntax-highlighting": "catppuccin-zsh-syntax-highlighting",
        "darwin": "darwin",
        "dracula-betterdiscord": "dracula-betterdiscord",
        "dracula-lsd": "dracula-lsd",
        "fontpreview-ueberzug": "fontpreview-ueberzug",
        "home-manager": "home-manager",
        "home-manager-darwin": "home-manager-darwin",
        "hyprland": "hyprland",
        "hyprland-plugins": "hyprland-plugins",
        "hyprpicker": "hyprpicker",
        "kitty-scrollback-nvim": "kitty-scrollback-nvim",
        "kitty-smart-scroll": "kitty-smart-scroll",
        "kitty-smart-tab": "kitty-smart-tab",
        "mpv-osc-morden-x": "mpv-osc-morden-x",
        "ncmpcpp-ueberzug": "ncmpcpp-ueberzug",
        "nix-alien": "nix-alien",
        "nix-ld": "nix-ld",
        "nixos-hardware": "nixos-hardware",
        "nixpkgs": "nixpkgs_3",
        "nixpkgs-darwin": "nixpkgs-darwin",
        "nixpkgs-python": "nixpkgs-python",
        "nixpkgs-wayland": "nixpkgs-wayland",
        "nnn": "nnn",
        "nonicons": "nonicons",
        "nur": "nur",
        "ohmyzsh": "ohmyzsh",
        "prevstable-chrome": "prevstable-chrome",
        "prevstable-hyprland": "prevstable-hyprland",
        "prevstable-kernel-pkgs": "prevstable-kernel-pkgs",
        "prevstable-mongodb": "prevstable-mongodb",
        "prevstable-neovim": "prevstable-neovim",
        "prevstable-nodejs": "prevstable-nodejs",
        "prevstable-python": "prevstable-python",
        "ptsh": "ptsh",
        "ranger": "ranger",
        "smart-splits-nvim": "smart-splits-nvim",
        "spacebar": "spacebar",
        "unstable": "unstable",
        "xdg-portal-hyprland": "xdg-portal-hyprland",
        "yabai-src": "yabai-src"
      }
    },
    "smart-splits-nvim": {
      "flake": false,
      "locked": {
        "lastModified": 1694532430,
        "narHash": "sha256-xOwWzI8zS8jT8rQljALLQcjPyL33GPeO0FAGvHSK6ss=",
        "owner": "mrjones2014",
        "repo": "smart-splits.nvim",
        "rev": "0beb14427dcf2a5d5d63e0064b45032a7bd3e763",
        "type": "github"
      },
      "original": {
        "owner": "mrjones2014",
        "repo": "smart-splits.nvim",
        "type": "github"
      }
    },
    "spacebar": {
      "inputs": {
        "flake-utils": "flake-utils_5",
        "nixpkgs": [
          "nixpkgs-darwin"
        ]
      },
      "locked": {
        "lastModified": 1644858436,
        "narHash": "sha256-4LiG43kPZtsm7SQ/28RaGMpYsDshCaGvc1mouPG3jFM=",
        "owner": "cmacrae",
        "repo": "spacebar",
        "rev": "79257bae525059be5230e86df96b3b3f1a3ed0a7",
        "type": "github"
      },
      "original": {
        "owner": "cmacrae",
        "repo": "spacebar",
        "rev": "79257bae525059be5230e86df96b3b3f1a3ed0a7",
        "type": "github"
      }
    },
    "systems": {
      "locked": {
        "lastModified": 1689347949,
        "narHash": "sha256-12tWmuL2zgBgZkdoB6qXZsgJEH9LR3oUgpaQq2RbI80=",
        "owner": "nix-systems",
        "repo": "default-linux",
        "rev": "31732fcf5e8fea42e59c2488ad31a0e651500f68",
        "type": "github"
      },
      "original": {
        "owner": "nix-systems",
        "repo": "default-linux",
        "type": "github"
      }
    },
    "systems_2": {
      "locked": {
        "lastModified": 1681028828,
        "narHash": "sha256-Vy1rq5AaRuLzOxct8nz4T6wlgyUR7zLU309k9mBC768=",
        "owner": "nix-systems",
        "repo": "default",
        "rev": "da67096a3b9bf56a91d16901293e51ba5b49a27e",
        "type": "github"
      },
      "original": {
        "owner": "nix-systems",
        "repo": "default",
        "type": "github"
      }
    },
    "systems_3": {
      "locked": {
        "lastModified": 1681028828,
        "narHash": "sha256-Vy1rq5AaRuLzOxct8nz4T6wlgyUR7zLU309k9mBC768=",
        "owner": "nix-systems",
        "repo": "default",
        "rev": "da67096a3b9bf56a91d16901293e51ba5b49a27e",
        "type": "github"
      },
      "original": {
        "owner": "nix-systems",
        "repo": "default",
        "type": "github"
      }
    },
    "systems_4": {
      "locked": {
        "lastModified": 1689347949,
        "narHash": "sha256-12tWmuL2zgBgZkdoB6qXZsgJEH9LR3oUgpaQq2RbI80=",
        "owner": "nix-systems",
        "repo": "default-linux",
        "rev": "31732fcf5e8fea42e59c2488ad31a0e651500f68",
        "type": "github"
      },
      "original": {
        "owner": "nix-systems",
        "repo": "default-linux",
        "type": "github"
      }
    },
    "unstable": {
      "locked": {
        "lastModified": 1692987286,
        "narHash": "sha256-k3A+Zps1bEYiq4vNxr4xzdgE7T0qxRuaaCnw6JOh0aw=",
        "owner": "nixos",
        "repo": "nixpkgs",
        "rev": "94d494b2f667a9c910582e1ba9648babd63550bf",
        "type": "github"
      },
      "original": {
        "owner": "nixos",
        "repo": "nixpkgs",
        "rev": "94d494b2f667a9c910582e1ba9648babd63550bf",
        "type": "github"
      }
    },
    "wlroots": {
      "flake": false,
      "locked": {
        "host": "gitlab.freedesktop.org",
        "lastModified": 1691073628,
        "narHash": "sha256-LlxE3o3UzRY7APYVLGNKM30DBMcDifCRIQiMVSbYLIc=",
        "owner": "wlroots",
        "repo": "wlroots",
        "rev": "c74f89d4f84bfed0284d3908aee5d207698c70c5",
        "type": "gitlab"
      },
      "original": {
        "host": "gitlab.freedesktop.org",
        "owner": "wlroots",
        "repo": "wlroots",
        "rev": "c74f89d4f84bfed0284d3908aee5d207698c70c5",
        "type": "gitlab"
      }
    },
    "wlroots_2": {
      "flake": false,
      "locked": {
        "host": "gitlab.freedesktop.org",
        "lastModified": 1682436395,
        "narHash": "sha256-GGEjkQO9m7YLYIXIXM76HWdhjg4Ye+oafOtyaFAYKI4=",
        "owner": "wlroots",
        "repo": "wlroots",
        "rev": "6830bfc17fd94709e2cdd4da0af989f102a26e59",
        "type": "gitlab"
      },
      "original": {
        "host": "gitlab.freedesktop.org",
        "owner": "wlroots",
        "repo": "wlroots",
        "type": "gitlab"
      }
    },
    "xdg-portal-hyprland": {
      "inputs": {
        "hyprland-protocols": "hyprland-protocols_3",
        "nixpkgs": "nixpkgs_5",
        "systems": "systems_4"
      },
      "locked": {
        "lastModified": 1696723562,
        "narHash": "sha256-W5fCIz5hGE95H3q0UDrSzMEIG31Z+J572PPYwjK8AXs=",
        "owner": "hyprwm",
        "repo": "xdg-desktop-portal-hyprland",
        "rev": "bb6bcf846b07fc7ed7a812414f5b6b1cf0f8742e",
        "type": "github"
      },
      "original": {
        "owner": "hyprwm",
        "repo": "xdg-desktop-portal-hyprland",
        "rev": "bb6bcf846b07fc7ed7a812414f5b6b1cf0f8742e",
        "type": "github"
      }
    },
    "xdph": {
      "inputs": {
        "hyprland-protocols": [
          "hyprland",
          "hyprland-protocols"
        ],
        "nixpkgs": [
          "hyprland",
          "nixpkgs"
        ],
        "systems": [
          "hyprland",
          "systems"
        ]
      },
      "locked": {
        "lastModified": 1691841170,
        "narHash": "sha256-RCTm1/MVWYPnReMgyp7tr2ogGYo/pvw38jZaFwemgPU=",
        "owner": "hyprwm",
        "repo": "xdg-desktop-portal-hyprland",
        "rev": "57a3a41ba6b358109e4fc25c6a4706b5f7d93c6b",
        "type": "github"
      },
      "original": {
        "owner": "hyprwm",
        "repo": "xdg-desktop-portal-hyprland",
        "type": "github"
      }
    },
    "xdph_2": {
      "inputs": {
        "hyprland-protocols": [
          "hyprland-plugins",
          "hyprland",
          "hyprland-protocols"
        ],
        "nixpkgs": [
          "hyprland-plugins",
          "hyprland",
          "nixpkgs"
        ]
      },
      "locked": {
        "lastModified": 1682439384,
        "narHash": "sha256-zHDa8LCZs05TZHQSIZ3ucwyMPglBGHcqTBzfkLjYXTM=",
        "owner": "hyprwm",
        "repo": "xdg-desktop-portal-hyprland",
        "rev": "c0e233955568fbea4e859336f6d3d14d51294d7c",
        "type": "github"
      },
      "original": {
        "owner": "hyprwm",
        "repo": "xdg-desktop-portal-hyprland",
        "type": "github"
      }
    },
    "yabai-src": {
      "flake": false,
      "locked": {
        "lastModified": 1647469857,
        "narHash": "sha256-SwoXH6d0blE+S5i4n0Y9Q8AJuQAAaQs+CK3y1hAQoPU=",
        "owner": "koekeishiya",
        "repo": "yabai",
        "rev": "a4030e771f76d4f135f5b830eedd7234592df51e",
        "type": "github"
      },
      "original": {
        "owner": "koekeishiya",
        "repo": "yabai",
        "rev": "a4030e771f76d4f135f5b830eedd7234592df51e",
        "type": "github"
      }
    }
  },
  "root": "root",
  "version": 7
}
